
Microsoft Visual Studio Solution File, Format Version 12.00
# Visual Studio Version 16
VisualStudioVersion = 16.0.32228.343
MinimumVisualStudioVersion = 10.0.40219.1
Project("{8BC9CEB8-8B4A-11D0-8D11-00A0C91BC942}") = "Test_IOCP", "Test_IOCP\Test_IOCP.vcxproj", "{7747A9BE-3DF8-40EA-B79A-65079C711369}"
	ProjectSection(ProjectDependencies) = postProject
		{B5CA4663-DC11-470E-8D81-6B4CA5FCF756} = {B5CA4663-DC11-470E-8D81-6B4CA5FCF756}
	EndProjectSection
EndProject
Project("{2150E333-8FDC-42A3-9474-1A3956D46DE8}") = "Lib", "Lib", "{9A10ADA7-377A-4EA9-9FC1-35E443C9D63F}"
EndProject
Project("{8BC9CEB8-8B4A-11D0-8D11-00A0C91BC942}") = "Test_Client", "Test_Client\Test_Client.vcxproj", "{698433A5-E4EE-4535-8CE3-E36BDC680DF8}"
EndProject
Project("{8BC9CEB8-8B4A-11D0-8D11-00A0C91BC942}") = "Game", "Game\Game.vcxproj", "{00342651-410A-44FB-9A08-A910ECC8448F}"
	ProjectSection(ProjectDependencies) = postProject
		{B5CA4663-DC11-470E-8D81-6B4CA5FCF756} = {B5CA4663-DC11-470E-8D81-6B4CA5FCF756}
	EndProjectSection
EndProject
Project("{8BC9CEB8-8B4A-11D0-8D11-00A0C91BC942}") = "Library", "Lib\Library\Library.vcxproj", "{B5CA4663-DC11-470E-8D81-6B4CA5FCF756}"
EndProject
Global
	GlobalSection(SolutionConfigurationPlatforms) = preSolution
		Debug|x64 = Debug|x64
		Debug|x86 = Debug|x86
		Release|x64 = Release|x64
		Release|x86 = Release|x86
	EndGlobalSection
	GlobalSection(ProjectConfigurationPlatforms) = postSolution
		{7747A9BE-3DF8-40EA-B79A-65079C711369}.Debug|x64.ActiveCfg = Debug|x64
		{7747A9BE-3DF8-40EA-B79A-65079C711369}.Debug|x64.Build.0 = Debug|x64
		{7747A9BE-3DF8-40EA-B79A-65079C711369}.Debug|x86.ActiveCfg = Debug|Win32
		{7747A9BE-3DF8-40EA-B79A-65079C711369}.Debug|x86.Build.0 = Debug|Win32
		{7747A9BE-3DF8-40EA-B79A-65079C711369}.Release|x64.ActiveCfg = Release|x64
		{7747A9BE-3DF8-40EA-B79A-65079C711369}.Release|x64.Build.0 = Release|x64
		{7747A9BE-3DF8-40EA-B79A-65079C711369}.Release|x86.ActiveCfg = Release|Win32
		{7747A9BE-3DF8-40EA-B79A-65079C711369}.Release|x86.Build.0 = Release|Win32
		{698433A5-E4EE-4535-8CE3-E36BDC680DF8}.Debug|x64.ActiveCfg = Debug|x64
		{698433A5-E4EE-4535-8CE3-E36BDC680DF8}.Debug|x64.Build.0 = Debug|x64
		{698433A5-E4EE-4535-8CE3-E36BDC680DF8}.Debug|x86.ActiveCfg = Debug|Win32
		{698433A5-E4EE-4535-8CE3-E36BDC680DF8}.Debug|x86.Build.0 = Debug|Win32
		{698433A5-E4EE-4535-8CE3-E36BDC680DF8}.Release|x64.ActiveCfg = Release|x64
		{698433A5-E4EE-4535-8CE3-E36BDC680DF8}.Release|x64.Build.0 = Release|x64
		{698433A5-E4EE-4535-8CE3-E36BDC680DF8}.Release|x86.ActiveCfg = Release|Win32
		{698433A5-E4EE-4535-8CE3-E36BDC680DF8}.Release|x86.Build.0 = Release|Win32
		{00342651-410A-44FB-9A08-A910ECC8448F}.Debug|x64.ActiveCfg = Debug|x64
		{00342651-410A-44FB-9A08-A910ECC8448F}.Debug|x64.Build.0 = Debug|x64
		{00342651-410A-44FB-9A08-A910ECC8448F}.Debug|x86.ActiveCfg = Debug|Win32
		{00342651-410A-44FB-9A08-A910ECC8448F}.Debug|x86.Build.0 = Debug|Win32
		{00342651-410A-44FB-9A08-A910ECC8448F}.Release|x64.ActiveCfg = Release|x64
		{00342651-410A-44FB-9A08-A910ECC8448F}.Release|x64.Build.0 = Release|x64
		{00342651-410A-44FB-9A08-A910ECC8448F}.Release|x86.ActiveCfg = Release|Win32
		{00342651-410A-44FB-9A08-A910ECC8448F}.Release|x86.Build.0 = Release|Win32
		{B5CA4663-DC11-470E-8D81-6B4CA5FCF756}.Debug|x64.ActiveCfg = Debug|x64
		{B5CA4663-DC11-470E-8D81-6B4CA5FCF756}.Debug|x64.Build.0 = Debug|x64
		{B5CA4663-DC11-470E-8D81-6B4CA5FCF756}.Debug|x86.ActiveCfg = Debug|Win32
		{B5CA4663-DC11-470E-8D81-6B4CA5FCF756}.Debug|x86.Build.0 = Debug|Win32
		{B5CA4663-DC11-470E-8D81-6B4CA5FCF756}.Release|x64.ActiveCfg = Release|x64
		{B5CA4663-DC11-470E-8D81-6B4CA5FCF756}.Release|x64.Build.0 = Release|x64
		{B5CA4663-DC11-470E-8D81-6B4CA5FCF756}.Release|x86.ActiveCfg = Release|Win32
		{B5CA4663-DC11-470E-8D81-6B4CA5FCF756}.Release|x86.Build.0 = Release|Win32
	EndGlobalSection
	GlobalSection(SolutionProperties) = preSolution
		HideSolutionNode = FALSE
	EndGlobalSection
	GlobalSection(NestedProjects) = preSolution
		{B5CA4663-DC11-470E-8D81-6B4CA5FCF756} = {9A10ADA7-377A-4EA9-9FC1-35E443C9D63F}
	EndGlobalSection
	GlobalSection(ExtensibilityGlobals) = postSolution
		SolutionGuid = {10FA1BA7-6730-4404-9D02-F2FF3242BAAA}
	EndGlobalSection
EndGlobal
