<?xml version="1.0" encoding="utf-8"?>
<Project ToolsVersion="4.0" xmlns="http://schemas.microsoft.com/developer/msbuild/2003">
  <ItemGroup>
    <Filter Include="Worker">
      <UniqueIdentifier>{68d3879f-149a-4de7-b642-ad2f225c1a6a}</UniqueIdentifier>
    </Filter>
    <Filter Include="NetWork">
      <UniqueIdentifier>{88372fc7-ab72-4985-ba99-245a10fef13c}</UniqueIdentifier>
    </Filter>
    <Filter Include="Buffer">
      <UniqueIdentifier>{34a65ad2-966f-41bd-950f-c8f710262506}</UniqueIdentifier>
    </Filter>
    <Filter Include="Service">
      <UniqueIdentifier>{a28b5978-b26c-4d38-b7fe-84394ad5af7d}</UniqueIdentifier>
    </Filter>
    <Filter Include="DB">
      <UniqueIdentifier>{22dba1e7-8988-4893-ad08-7412cae9ee8e}</UniqueIdentifier>
    </Filter>
    <Filter Include="NetWork\IOCP">
      <UniqueIdentifier>{ff24eb6f-838c-496c-8ff4-13f8ab0d8019}</UniqueIdentifier>
    </Filter>
    <Filter Include="NetWork\IOCP\Worker">
      <UniqueIdentifier>{5cbc3270-225e-4ba8-a319-65bd68d7a0b5}</UniqueIdentifier>
    </Filter>
    <Filter Include="NetWork\IOCP\IOUnit">
      <UniqueIdentifier>{0874c103-1aee-4a4a-b0d1-a3a958c8d50b}</UniqueIdentifier>
    </Filter>
    <Filter Include="NetWork\IOCP\Worker\std::thread">
      <UniqueIdentifier>{8c3e2ba0-d15b-47ed-98c8-cc0b44a984d9}</UniqueIdentifier>
    </Filter>
    <Filter Include="NetWork\IOCP\Worker\CreateThread">
      <UniqueIdentifier>{33a022be-ac58-4ffd-bcb4-f743d92d5306}</UniqueIdentifier>
    </Filter>
    <Filter Include="NetWork\IOCP\Worker\AfxBeginThread">
      <UniqueIdentifier>{4e01b854-74d8-4621-9bb7-7dd2c32b4470}</UniqueIdentifier>
    </Filter>
    <Filter Include="NetWork\IOCP\Worker\_beginthread">
      <UniqueIdentifier>{7cac8001-9586-4942-972c-22e1307aa6bf}</UniqueIdentifier>
    </Filter>
    <Filter Include="NetWork\IOCP\IOUnit\IO">
      <UniqueIdentifier>{7099e833-7e6a-41e6-b862-3b6035d5608b}</UniqueIdentifier>
    </Filter>
    <Filter Include="NetWork\IOCP\Socket">
      <UniqueIdentifier>{9abcc0ce-8b19-48b7-83d8-1d5a566d30bb}</UniqueIdentifier>
    </Filter>
    <Filter Include="MinNetLib">
      <UniqueIdentifier>{10a122a0-7cc4-4571-be15-7214c2fe9864}</UniqueIdentifier>
    </Filter>
  </ItemGroup>
  <ItemGroup>
    <ClInclude Include="Worker\Worker.h">
      <Filter>Worker</Filter>
    </ClInclude>
    <ClInclude Include="framework.h">
      <Filter>MinNetLib</Filter>
    </ClInclude>
    <ClInclude Include="pch.h">
      <Filter>MinNetLib</Filter>
    </ClInclude>
    <ClInclude Include="MinNetCommon.h">
      <Filter>MinNetLib</Filter>
    </ClInclude>
    <ClInclude Include="Buffer\FixedBuffer.h">
      <Filter>Buffer</Filter>
    </ClInclude>
    <ClInclude Include="Buffer\ObjectManager.h">
      <Filter>Buffer</Filter>
    </ClInclude>
    <ClInclude Include="Service\Service.h">
      <Filter>Service</Filter>
    </ClInclude>
    <ClInclude Include="Worker\WorkerFrame.h">
      <Filter>Worker</Filter>
    </ClInclude>
    <ClInclude Include="NetWork\IOCP\IOUnit\IOBuf.h">
      <Filter>NetWork\IOCP\IOUnit</Filter>
    </ClInclude>
    <ClInclude Include="NetWork\IOCP\Worker\iocpWorker_std.h">
      <Filter>NetWork\IOCP\Worker\std::thread</Filter>
    </ClInclude>
    <ClInclude Include="NetWork\IOCP\Worker\iocpWorker_Create.h">
      <Filter>NetWork\IOCP\Worker\CreateThread</Filter>
    </ClInclude>
    <ClInclude Include="NetWork\IOCP\Worker\iocpWorker_Afx.h">
      <Filter>NetWork\IOCP\Worker\AfxBeginThread</Filter>
    </ClInclude>
    <ClInclude Include="NetWork\IOCP\Worker\iocpWorker_Begin.h">
      <Filter>NetWork\IOCP\Worker\_beginthread</Filter>
    </ClInclude>
    <ClInclude Include="NetWork\IOCP\iocpServer.h">
      <Filter>NetWork\IOCP</Filter>
    </ClInclude>
    <ClInclude Include="NetWork\IOCP\iocpClient.h">
      <Filter>NetWork\IOCP</Filter>
    </ClInclude>
    <ClInclude Include="NetWork\IOCP\IOUnit\IOManager.h">
      <Filter>NetWork\IOCP\IOUnit</Filter>
    </ClInclude>
    <ClInclude Include="NetWork\IOCP\IOUnit\IOAccept.h">
      <Filter>NetWork\IOCP\IOUnit\IO</Filter>
    </ClInclude>
    <ClInclude Include="NetWork\IOCP\IOUnit\IOClose.h">
      <Filter>NetWork\IOCP\IOUnit\IO</Filter>
    </ClInclude>
    <ClInclude Include="NetWork\IOCP\IOUnit\IORecv.h">
      <Filter>NetWork\IOCP\IOUnit\IO</Filter>
    </ClInclude>
    <ClInclude Include="NetWork\IOCP\IOUnit\IOSend.h">
      <Filter>NetWork\IOCP\IOUnit\IO</Filter>
    </ClInclude>
    <ClInclude Include="NetWork\IOCP\IOUnit\IOUnit.h">
      <Filter>NetWork\IOCP\IOUnit\IO</Filter>
    </ClInclude>
    <ClInclude Include="Buffer\BufferManager.h">
      <Filter>Buffer</Filter>
    </ClInclude>
    <ClInclude Include="NetWork\IOCP\Socket\Socket.h">
      <Filter>NetWork\IOCP\Socket</Filter>
    </ClInclude>
    <ClInclude Include="NetWork\IOCP\Socket\SocketManager.h">
      <Filter>NetWork\IOCP\Socket</Filter>
    </ClInclude>
  </ItemGroup>
  <ItemGroup>
    <ClCompile Include="Worker\Worker.cpp">
      <Filter>Worker</Filter>
    </ClCompile>
    <ClCompile Include="pch.cpp">
      <Filter>MinNetLib</Filter>
    </ClCompile>
    <ClCompile Include="Buffer\FixedBuffer.cpp">
      <Filter>Buffer</Filter>
    </ClCompile>
    <ClCompile Include="Service\Service.cpp">
      <Filter>Service</Filter>
    </ClCompile>
    <ClCompile Include="NetWork\IOCP\Worker\iocpWorker_std.cpp">
      <Filter>NetWork\IOCP\Worker\std::thread</Filter>
    </ClCompile>
    <ClCompile Include="NetWork\IOCP\Worker\iocpWorker_Create.cpp">
      <Filter>NetWork\IOCP\Worker\CreateThread</Filter>
    </ClCompile>
    <ClCompile Include="NetWork\IOCP\Worker\iocpWorker_Afx.cpp">
      <Filter>NetWork\IOCP\Worker\AfxBeginThread</Filter>
    </ClCompile>
    <ClCompile Include="NetWork\IOCP\Worker\iocpWorker_Begin.cpp">
      <Filter>NetWork\IOCP\Worker\_beginthread</Filter>
    </ClCompile>
    <ClCompile Include="NetWork\IOCP\iocpServer.cpp">
      <Filter>NetWork\IOCP</Filter>
    </ClCompile>
    <ClCompile Include="NetWork\IOCP\iocpClient.cpp">
      <Filter>NetWork\IOCP</Filter>
    </ClCompile>
    <ClCompile Include="NetWork\IOCP\IOUnit\IOManager.cpp">
      <Filter>NetWork\IOCP\IOUnit</Filter>
    </ClCompile>
    <ClCompile Include="NetWork\IOCP\Socket\Socket.cpp">
      <Filter>NetWork\IOCP\Socket</Filter>
    </ClCompile>
    <ClCompile Include="NetWork\IOCP\Socket\SocketManager.cpp">
      <Filter>NetWork\IOCP\Socket</Filter>
    </ClCompile>
  </ItemGroup>
</Project>